<?xml version="1.0" encoding="utf-8"?>
<Project ToolsVersion="4.0" xmlns="http://schemas.microsoft.com/developer/msbuild/2003">
  <ItemGroup>
    <Filter Include="Source Files">
      <UniqueIdentifier>{4FC737F1-C7A5-4376-A066-2A32D752A2FF}</UniqueIdentifier>
      <Extensions>cpp;c;cc;cxx;def;odl;idl;hpj;bat;asm;asmx</Extensions>
    </Filter>
    <Filter Include="Header Files">
      <UniqueIdentifier>{93995380-89BD-4b04-88EB-625FBE52EBFB}</UniqueIdentifier>
      <Extensions>h;hh;hpp;hxx;hm;inl;inc;xsd</Extensions>
    </Filter>
    <Filter Include="Header Files\Character">
      <UniqueIdentifier>{922ba845-98a7-4d7d-85c1-e2bd3e0cc7ff}</UniqueIdentifier>
    </Filter>
    <Filter Include="Source Files\Character">
      <UniqueIdentifier>{b0fd97f5-1aea-4aec-881c-16db6ee7fbcf}</UniqueIdentifier>
    </Filter>
    <Filter Include="Header Files\Game">
      <UniqueIdentifier>{6f448b00-3c16-4edc-b279-a93d23d3820f}</UniqueIdentifier>
    </Filter>
    <Filter Include="Header Files\Map">
      <UniqueIdentifier>{12ab0805-52f5-4f2b-ae56-318bc4d08646}</UniqueIdentifier>
    </Filter>
    <Filter Include="Source Files\Game">
      <UniqueIdentifier>{13ec0043-f84c-4d32-acf4-baa535e41814}</UniqueIdentifier>
    </Filter>
    <Filter Include="Source Files\Map">
      <UniqueIdentifier>{5179e952-806d-41e0-882f-9d9c208799a1}</UniqueIdentifier>
    </Filter>
    <Filter Include="Header Files\Game\Engine">
      <UniqueIdentifier>{a9b8f007-ce4b-422b-b3ee-c981e556719f}</UniqueIdentifier>
    </Filter>
    <Filter Include="Source Files\Game\Engine">
      <UniqueIdentifier>{5f43701d-69df-4f3c-8124-a949e5e658fc}</UniqueIdentifier>
    </Filter>
  </ItemGroup>
  <ItemGroup>
    <ClCompile Include="..\..\src\Character.cc">
      <Filter>Source Files</Filter>
    </ClCompile>
    <ClCompile Include="..\..\src\Map.cc">
      <Filter>Source Files</Filter>
    </ClCompile>
    <ClCompile Include="..\..\src\Character\Armor.cc">
      <Filter>Source Files\Character</Filter>
    </ClCompile>
    <ClCompile Include="..\..\src\Character\Equipment.cc">
      <Filter>Source Files\Character</Filter>
    </ClCompile>
    <ClCompile Include="..\..\src\Character\Item.cc">
      <Filter>Source Files\Character</Filter>
    </ClCompile>
    <ClCompile Include="..\..\src\Character\Weapon.cc">
      <Filter>Source Files\Character</Filter>
    </ClCompile>
    <ClCompile Include="..\..\src\Game\Application.cc">
      <Filter>Source Files\Game</Filter>
    </ClCompile>
    <ClCompile Include="..\..\src\Game\Engine.cc">
      <Filter>Source Files\Game</Filter>
    </ClCompile>
    <ClCompile Include="..\..\src\Game\Engine\Explore.cc">
      <Filter>Source Files\Game\Engine</Filter>
    </ClCompile>
    <ClCompile Include="..\..\src\Game\Engine\Fight.cc">
      <Filter>Source Files\Game\Engine</Filter>
    </ClCompile>
    <ClCompile Include="..\..\src\Game\Engine\New.cc">
      <Filter>Source Files\Game\Engine</Filter>
    </ClCompile>
    <ClCompile Include="..\..\src\Game\Engine\Title.cc">
      <Filter>Source Files\Game\Engine</Filter>
    </ClCompile>
    <ClCompile Include="..\..\src\Map\Cave.cc">
      <Filter>Source Files\Map</Filter>
    </ClCompile>
    <ClCompile Include="..\..\src\Map\Floor.cc">
      <Filter>Source Files\Map</Filter>
    </ClCompile>
    <ClCompile Include="..\..\src\Map\Object.cc">
      <Filter>Source Files\Map</Filter>
    </ClCompile>
    <ClCompile Include="..\..\src\Map\Tile.cc">
      <Filter>Source Files\Map</Filter>
    </ClCompile>
  </ItemGroup>
  <ItemGroup>
    <ClInclude Include="..\..\src\Character.hh">
      <Filter>Header Files</Filter>
    </ClInclude>
    <ClInclude Include="..\..\src\Exception.hh">
      <Filter>Header Files</Filter>
    </ClInclude>
    <ClInclude Include="..\..\src\Map.hh">
      <Filter>Header Files</Filter>
    </ClInclude>
    <ClInclude Include="..\..\src\Character\Armor.hh">
      <Filter>Header Files\Character</Filter>
    </ClInclude>
    <ClInclude Include="..\..\src\Character\Equipment.hh">
      <Filter>Header Files\Character</Filter>
    </ClInclude>
    <ClInclude Include="..\..\src\Character\Item.hh">
      <Filter>Header Files\Character</Filter>
    </ClInclude>
    <ClInclude Include="..\..\src\Character\Resources.hh">
      <Filter>Header Files\Character</Filter>
    </ClInclude>
    <ClInclude Include="..\..\src\Character\Skills.hh">
      <Filter>Header Files\Character</Filter>
    </ClInclude>
    <ClInclude Include="..\..\src\Character\Stats.hh">
      <Filter>Header Files\Character</Filter>
    </ClInclude>
    <ClInclude Include="..\..\src\Character\Weapon.hh">
      <Filter>Header Files\Character</Filter>
    </ClInclude>
    <ClInclude Include="..\..\src\Game\Application.hh">
      <Filter>Header Files\Game</Filter>
    </ClInclude>
    <ClInclude Include="..\..\src\Game\Engine.hh">
      <Filter>Header Files\Game</Filter>
    </ClInclude>
    <ClInclude Include="..\..\src\Game\Engine\Explore.hh">
      <Filter>Header Files\Game\Engine</Filter>
    </ClInclude>
    <ClInclude Include="..\..\src\Game\Engine\Fight.hh">
      <Filter>Header Files\Game\Engine</Filter>
    </ClInclude>
    <ClInclude Include="..\..\src\Game\Engine\New.hh">
      <Filter>Header Files\Game\Engine</Filter>
    </ClInclude>
    <ClInclude Include="..\..\src\Game\Engine\Title.hh">
      <Filter>Header Files\Game\Engine</Filter>
    </ClInclude>
    <ClInclude Include="..\..\src\Map\Cave.hh">
      <Filter>Header Files\Map</Filter>
    </ClInclude>
    <ClInclude Include="..\..\src\Map\Floor.hh">
      <Filter>Header Files\Map</Filter>
    </ClInclude>
    <ClInclude Include="..\..\src\Map\Object.hh">
      <Filter>Header Files\Map</Filter>
    </ClInclude>
    <ClInclude Include="..\..\src\Map\Tile.hh">
      <Filter>Header Files\Map</Filter>
    </ClInclude>
  </ItemGroup>
</Project>