<?xml version="1.0" encoding="utf-8"?>
<Project ToolsVersion="4.0" xmlns="http://schemas.microsoft.com/developer/msbuild/2003">
  <ItemGroup>
    <Filter Include="Source Files">
      <UniqueIdentifier>{4FC737F1-C7A5-4376-A066-2A32D752A2FF}</UniqueIdentifier>
      <Extensions>cpp;c;cc;cxx;def;odl;idl;hpj;bat;asm;asmx</Extensions>
    </Filter>
    <Filter Include="Header Files">
      <UniqueIdentifier>{93995380-89BD-4b04-88EB-625FBE52EBFB}</UniqueIdentifier>
      <Extensions>h;hh;hpp;hxx;hm;inl;inc;xsd</Extensions>
    </Filter>
    <Filter Include="Implementation Files">
      <UniqueIdentifier>{8ac83aff-eb14-4c06-8feb-32b9331e9ea9}</UniqueIdentifier>
      <Extensions>impl.hh</Extensions>
    </Filter>
    <Filter Include="Header Files\Log">
      <UniqueIdentifier>{046a685d-93d0-4f3b-8ba9-c830db6773aa}</UniqueIdentifier>
    </Filter>
    <Filter Include="Header Files\Resource">
      <UniqueIdentifier>{267116b7-11fe-4965-b6f9-30baa98c32e4}</UniqueIdentifier>
    </Filter>
    <Filter Include="Source Files\Log">
      <UniqueIdentifier>{c1a32f66-924c-43fe-b5ef-72cdfb8f3300}</UniqueIdentifier>
    </Filter>
    <Filter Include="Source Files\Resource">
      <UniqueIdentifier>{bdb27aa9-418f-47f2-81d5-1103f69a9fe3}</UniqueIdentifier>
    </Filter>
  </ItemGroup>
  <ItemGroup>
    <ClInclude Include="..\..\..\Entropy\src\Log\Init.hh">
      <Filter>Header Files\Log</Filter>
    </ClInclude>
    <ClInclude Include="..\..\..\Entropy\src\Log\Logger.hh">
      <Filter>Header Files\Log</Filter>
    </ClInclude>
    <ClInclude Include="..\..\..\Entropy\src\Log\Severity.hh">
      <Filter>Header Files\Log</Filter>
    </ClInclude>
    <ClInclude Include="..\..\..\Entropy\src\Resource\File.hh">
      <Filter>Header Files\Resource</Filter>
    </ClInclude>
    <ClInclude Include="..\..\..\Entropy\src\Resource\Folder.hh">
      <Filter>Header Files\Resource</Filter>
    </ClInclude>
    <ClInclude Include="..\..\..\Entropy\src\Resource\Handle.hh">
      <Filter>Header Files\Resource</Filter>
    </ClInclude>
    <ClInclude Include="..\..\..\Entropy\src\Resource\Reference.hh">
      <Filter>Header Files\Resource</Filter>
    </ClInclude>
    <ClInclude Include="..\..\..\Entropy\src\Resource\Root.hh">
      <Filter>Header Files\Resource</Filter>
    </ClInclude>
    <ClInclude Include="..\..\..\Entropy\src\Application.hh">
      <Filter>Header Files</Filter>
    </ClInclude>
    <ClInclude Include="..\..\..\Entropy\src\Exception.hh">
      <Filter>Header Files</Filter>
    </ClInclude>
    <ClInclude Include="..\..\..\Entropy\src\Log.hh">
      <Filter>Header Files</Filter>
    </ClInclude>
    <ClInclude Include="..\..\..\Entropy\src\Resource.hh">
      <Filter>Header Files</Filter>
    </ClInclude>
    <ClInclude Include="..\..\..\Entropy\src\String.hh">
      <Filter>Header Files</Filter>
    </ClInclude>
    <ClInclude Include="..\..\..\Entropy\src\String.impl.hh">
      <Filter>Implementation Files</Filter>
    </ClInclude>
  </ItemGroup>
  <ItemGroup>
    <ClCompile Include="..\..\..\Entropy\src\Log\Init.cc">
      <Filter>Source Files\Log</Filter>
    </ClCompile>
    <ClCompile Include="..\..\..\Entropy\src\Log\Logger.cc">
      <Filter>Source Files\Log</Filter>
    </ClCompile>
    <ClCompile Include="..\..\..\Entropy\src\Log\Severity.cc">
      <Filter>Source Files\Log</Filter>
    </ClCompile>
    <ClCompile Include="..\..\..\Entropy\src\Resource\File.cc">
      <Filter>Source Files\Resource</Filter>
    </ClCompile>
    <ClCompile Include="..\..\..\Entropy\src\Resource\Folder.cc">
      <Filter>Source Files\Resource</Filter>
    </ClCompile>
    <ClCompile Include="..\..\..\Entropy\src\Resource\Handle.cc">
      <Filter>Source Files\Resource</Filter>
    </ClCompile>
    <ClCompile Include="..\..\..\Entropy\src\Resource\Reference.cc">
      <Filter>Source Files\Resource</Filter>
    </ClCompile>
    <ClCompile Include="..\..\..\Entropy\src\Resource\Root.cc">
      <Filter>Source Files\Resource</Filter>
    </ClCompile>
    <ClCompile Include="..\..\..\Entropy\src\Application.cc">
      <Filter>Source Files</Filter>
    </ClCompile>
    <ClCompile Include="..\..\..\Entropy\src\Resource.cc">
      <Filter>Source Files</Filter>
    </ClCompile>
  </ItemGroup>
</Project>