<?xml version="1.0" encoding="utf-8"?>
<Project ToolsVersion="4.0" xmlns="http://schemas.microsoft.com/developer/msbuild/2003">
  <ItemGroup>
    <Filter Include="Source Files">
      <UniqueIdentifier>{4FC737F1-C7A5-4376-A066-2A32D752A2FF}</UniqueIdentifier>
      <Extensions>cpp;c;cc;cxx;def;odl;idl;hpj;bat;asm;asmx</Extensions>
    </Filter>
    <Filter Include="Header Files">
      <UniqueIdentifier>{93995380-89BD-4b04-88EB-625FBE52EBFB}</UniqueIdentifier>
      <Extensions>h;hh;hpp;hxx;hm;inl;inc;xsd</Extensions>
    </Filter>
    <Filter Include="Implementation Files">
      <UniqueIdentifier>{727d050b-eb95-4719-a67c-a2bfb1c375cc}</UniqueIdentifier>
    </Filter>
    <Filter Include="Header Files\Algorithms">
      <UniqueIdentifier>{57ab2088-1489-42a9-ae27-9356c996c851}</UniqueIdentifier>
    </Filter>
    <Filter Include="Implementation Files\Algorithms">
      <UniqueIdentifier>{6e1ec7f5-1dd4-447f-ab41-ff2764011fbf}</UniqueIdentifier>
    </Filter>
  </ItemGroup>
  <ItemGroup>
    <ClInclude Include="..\..\..\Hecate\src\Character.hh">
      <Filter>Header Files</Filter>
    </ClInclude>
    <ClInclude Include="..\..\..\Hecate\src\Check.hh">
      <Filter>Header Files</Filter>
    </ClInclude>
    <ClInclude Include="..\..\..\Hecate\src\Event.hh">
      <Filter>Header Files</Filter>
    </ClInclude>
    <ClInclude Include="..\..\..\Hecate\src\Exception.hh">
      <Filter>Header Files</Filter>
    </ClInclude>
    <ClInclude Include="..\..\..\Hecate\src\Modifier.hh">
      <Filter>Header Files</Filter>
    </ClInclude>
    <ClInclude Include="..\..\..\Hecate\src\ModifierList.hh">
      <Filter>Header Files</Filter>
    </ClInclude>
    <ClInclude Include="..\..\..\Hecate\src\ModifierType.hh">
      <Filter>Header Files</Filter>
    </ClInclude>
    <ClInclude Include="..\..\..\Hecate\src\Percent.hh">
      <Filter>Header Files</Filter>
    </ClInclude>
    <ClInclude Include="..\..\..\Hecate\src\Random.hh">
      <Filter>Header Files</Filter>
    </ClInclude>
    <ClInclude Include="..\..\..\Hecate\src\Resource.hh">
      <Filter>Header Files</Filter>
    </ClInclude>
    <ClInclude Include="..\..\..\Hecate\src\Skill.hh">
      <Filter>Header Files</Filter>
    </ClInclude>
    <ClInclude Include="..\..\..\Hecate\src\Stat.hh">
      <Filter>Header Files</Filter>
    </ClInclude>
    <ClInclude Include="..\..\..\Hecate\src\Template.hh">
      <Filter>Header Files</Filter>
    </ClInclude>
    <ClInclude Include="..\..\..\Hecate\src\Trait.hh">
      <Filter>Header Files</Filter>
    </ClInclude>
    <ClInclude Include="..\..\..\Hecate\src\Trait.impl.hh">
      <Filter>Implementation Files</Filter>
    </ClInclude>
    <ClInclude Include="..\..\..\Hecate\src\Template.impl.hh">
      <Filter>Implementation Files</Filter>
    </ClInclude>
    <ClInclude Include="..\..\..\Hecate\src\Stat.impl.hh">
      <Filter>Implementation Files</Filter>
    </ClInclude>
    <ClInclude Include="..\..\..\Hecate\src\Skill.impl.hh">
      <Filter>Implementation Files</Filter>
    </ClInclude>
    <ClInclude Include="..\..\..\Hecate\src\Resource.impl.hh">
      <Filter>Implementation Files</Filter>
    </ClInclude>
    <ClInclude Include="..\..\..\Hecate\src\Modifier.impl.hh">
      <Filter>Implementation Files</Filter>
    </ClInclude>
    <ClInclude Include="..\..\..\Hecate\src\Check.impl.hh">
      <Filter>Implementation Files</Filter>
    </ClInclude>
    <ClInclude Include="..\..\..\Hecate\src\Character.impl.hh">
      <Filter>Implementation Files</Filter>
    </ClInclude>
    <ClInclude Include="..\..\..\Hecate\src\Algorithms\Linear.hh">
      <Filter>Header Files\Algorithms</Filter>
    </ClInclude>
    <ClInclude Include="..\..\..\Hecate\src\Algorithms\Linear.impl.hh">
      <Filter>Implementation Files\Algorithms</Filter>
    </ClInclude>
  </ItemGroup>
  <ItemGroup>
    <ClCompile Include="..\..\..\Hecate\src\Check.cc">
      <Filter>Source Files</Filter>
    </ClCompile>
    <ClCompile Include="..\..\..\Hecate\src\Event.cc">
      <Filter>Source Files</Filter>
    </ClCompile>
    <ClCompile Include="..\..\..\Hecate\src\Modifier.cc">
      <Filter>Source Files</Filter>
    </ClCompile>
    <ClCompile Include="..\..\..\Hecate\src\ModifierList.cc">
      <Filter>Source Files</Filter>
    </ClCompile>
    <ClCompile Include="..\..\..\Hecate\src\ModifierType.cc">
      <Filter>Source Files</Filter>
    </ClCompile>
    <ClCompile Include="..\..\..\Hecate\src\Percent.cc">
      <Filter>Source Files</Filter>
    </ClCompile>
    <ClCompile Include="..\..\..\Hecate\src\Random.cc">
      <Filter>Source Files</Filter>
    </ClCompile>
  </ItemGroup>
</Project>